
Microsoft Visual Studio Solution File, Format Version 12.00
# Visual Studio 15
VisualStudioVersion = 15.0.27703.2026
MinimumVisualStudioVersion = 10.0.40219.1
Project("{FAE04EC0-301F-11D3-BF4B-00C04F79EFBC}") = "vendeglo_2", "vendeglo_2\vendeglo_2.csproj", "{C7ABF5AF-91C6-498B-B195-7AF0DC5B026C}"
EndProject
Global
	GlobalSection(SolutionConfigurationPlatforms) = preSolution
		Debug|Any CPU = Debug|Any CPU
		Release|Any CPU = Release|Any CPU
	EndGlobalSection
	GlobalSection(ProjectConfigurationPlatforms) = postSolution
		{C7ABF5AF-91C6-498B-B195-7AF0DC5B026C}.Debug|Any CPU.ActiveCfg = Debug|Any CPU
		{C7ABF5AF-91C6-498B-B195-7AF0DC5B026C}.Debug|Any CPU.Build.0 = Debug|Any CPU
		{C7ABF5AF-91C6-498B-B195-7AF0DC5B026C}.Release|Any CPU.ActiveCfg = Release|Any CPU
		{C7ABF5AF-91C6-498B-B195-7AF0DC5B026C}.Release|Any CPU.Build.0 = Release|Any CPU
	EndGlobalSection
	GlobalSection(SolutionProperties) = preSolution
		HideSolutionNode = FALSE
	EndGlobalSection
	GlobalSection(ExtensibilityGlobals) = postSolution
		SolutionGuid = {A6F492AB-0454-4F03-85AC-CF81C5979E67}
	EndGlobalSection
EndGlobal
